# This file is autogenerated, do not edit; changes may be undone by the next 'dep ensure'.


[[projects]]
  name = "github.com/PuerkitoBio/goquery"
  packages = ["."]
  revision = "e1271ee34c6a305e38566ecd27ae374944907ee9"
  version = "v1.1.0"

[[projects]]
  branch = "master"
  name = "github.com/adamzy/cedar-go"
  packages = ["."]
  revision = "d348c21f72432c2b6d5f05f68759fde94f64b227"

[[projects]]
  branch = "master"
  name = "github.com/andybalholm/cascadia"
  packages = ["."]
  revision = "349dd0209470eabd9514242c688c403c0926d266"

[[projects]]
  name = "github.com/go-sql-driver/mysql"
  packages = ["."]
  revision = "c6f610244e521d03a0725d224face04af862ce5a"

[[projects]]
  branch = "master"
  name = "github.com/huichen/sego"
  packages = ["."]
  revision = "d06fe1b3abe3877ab593b57e5e43daf6c4c25add"

[[projects]]
  branch = "master"
  name = "github.com/jmcvetta/randutil"
  packages = ["."]
  revision = "2bb1b664bcff821e02b2a0644cd29c7e824d54f8"

[[projects]]
  branch = "release-branch.go1.6"
  name = "golang.org/x/net"
  packages = ["html","html/atom"]
  revision = "62685c2d7ca23c807425dca88b11a3e2323dab41"

[[projects]]
  branch = "master"
  name = "golang.org/x/text"
  packages = ["encoding","encoding/internal","encoding/internal/identifier","encoding/simplifiedchinese","internal/gen","transform","unicode/cldr"]
  revision = "f4b4367115ec2de254587813edaa901bc1c723a8"

[[projects]]
  name = "gopkg.in/redis.v5"
  packages = [".","internal","internal/consistenthash","internal/hashtag","internal/pool","internal/proto"]
  revision = "a16aeec10ff407b1e7be6dd35797ccf5426ef0f0"
  version = "v5.2.9"

[[projects]]
  branch = "v2"
  name = "gopkg.in/xmlpath.v2"
  packages = ["."]
  revision = "860cbeca3ebcc600db0b213c0e83ad6ce91f5739"

[solve-meta]
  analyzer-name = "dep"
  analyzer-version = 1
  inputs-digest = "352df275e85781c762f396602c674b972076b3424f399c672528cf2ce4bcef55"
  solver-name = "gps-cdcl"
  solver-version = 1
